
Microsoft Visual Studio Solution File, Format Version 12.00
# Visual Studio 15
VisualStudioVersion = 15.0.28010.2046
MinimumVisualStudioVersion = 10.0.40219.1
Project("{FAE04EC0-301F-11D3-BF4B-00C04F79EFBC}") = "HackOpay.Web", "HackOpay.Web\HackOpay.Web.csproj", "{52F6A401-C6CA-4DEA-9E64-2816E67A350E}"
EndProject
Project("{FAE04EC0-301F-11D3-BF4B-00C04F79EFBC}") = "HackOpay.Core", "HackOpay.Core\HackOpay.Core.csproj", "{4D993347-C3B9-423F-9CDC-A687E9DC9B4E}"
EndProject
Global
	GlobalSection(SolutionConfigurationPlatforms) = preSolution
		Debug|Any CPU = Debug|Any CPU
		Release|Any CPU = Release|Any CPU
	EndGlobalSection
	GlobalSection(ProjectConfigurationPlatforms) = postSolution
		{52F6A401-C6CA-4DEA-9E64-2816E67A350E}.Debug|Any CPU.ActiveCfg = Debug|Any CPU
		{52F6A401-C6CA-4DEA-9E64-2816E67A350E}.Debug|Any CPU.Build.0 = Debug|Any CPU
		{52F6A401-C6CA-4DEA-9E64-2816E67A350E}.Release|Any CPU.ActiveCfg = Release|Any CPU
		{52F6A401-C6CA-4DEA-9E64-2816E67A350E}.Release|Any CPU.Build.0 = Release|Any CPU
		{4D993347-C3B9-423F-9CDC-A687E9DC9B4E}.Debug|Any CPU.ActiveCfg = Debug|Any CPU
		{4D993347-C3B9-423F-9CDC-A687E9DC9B4E}.Debug|Any CPU.Build.0 = Debug|Any CPU
		{4D993347-C3B9-423F-9CDC-A687E9DC9B4E}.Release|Any CPU.ActiveCfg = Release|Any CPU
		{4D993347-C3B9-423F-9CDC-A687E9DC9B4E}.Release|Any CPU.Build.0 = Release|Any CPU
	EndGlobalSection
	GlobalSection(SolutionProperties) = preSolution
		HideSolutionNode = FALSE
	EndGlobalSection
	GlobalSection(ExtensibilityGlobals) = postSolution
		SolutionGuid = {1EC72265-BB99-47B3-9F5C-53B04EE8F7C1}
	EndGlobalSection
EndGlobal
